
Microsoft Visual Studio Solution File, Format Version 12.00
# Visual Studio Version 17
VisualStudioVersion = 17.6.33829.357
MinimumVisualStudioVersion = 10.0.40219.1
Project("{FAE04EC0-301F-11D3-BF4B-00C04F79EFBC}") = "Middlewareandpieline", "Middlewareandpieline\Middlewareandpieline.csproj", "{477D3C97-6045-4539-819D-508995206ADE}"
EndProject
Global
	GlobalSection(SolutionConfigurationPlatforms) = preSolution
		Debug|Any CPU = Debug|Any CPU
		Release|Any CPU = Release|Any CPU
	EndGlobalSection
	GlobalSection(ProjectConfigurationPlatforms) = postSolution
		{477D3C97-6045-4539-819D-508995206ADE}.Debug|Any CPU.ActiveCfg = Debug|Any CPU
		{477D3C97-6045-4539-819D-508995206ADE}.Debug|Any CPU.Build.0 = Debug|Any CPU
		{477D3C97-6045-4539-819D-508995206ADE}.Release|Any CPU.ActiveCfg = Release|Any CPU
		{477D3C97-6045-4539-819D-508995206ADE}.Release|Any CPU.Build.0 = Release|Any CPU
	EndGlobalSection
	GlobalSection(SolutionProperties) = preSolution
		HideSolutionNode = FALSE
	EndGlobalSection
	GlobalSection(ExtensibilityGlobals) = postSolution
		SolutionGuid = {646B75A5-47AD-46CD-B27E-FEEFFF4FADBA}
	EndGlobalSection
EndGlobal
